
Microsoft Visual Studio Solution File, Format Version 12.00
# Visual Studio Version 16
VisualStudioVersion = 16.0.29806.167
MinimumVisualStudioVersion = 10.0.40219.1
Project("{FAE04EC0-301F-11D3-BF4B-00C04F79EFBC}") = "ReflectionLibrary", "ReflectionLibrary\ReflectionLibrary.csproj", "{1D996426-6DA0-4F17-B3B7-3CCAD059AD57}"
EndProject
Project("{FAE04EC0-301F-11D3-BF4B-00C04F79EFBC}") = "ReflectionConsole", "ReflectionConsole\ReflectionConsole.csproj", "{D78BCC0B-3DC4-4E26-AD85-45A4CA6FCDAE}"
EndProject
Global
	GlobalSection(SolutionConfigurationPlatforms) = preSolution
		Debug|Any CPU = Debug|Any CPU
		Release|Any CPU = Release|Any CPU
	EndGlobalSection
	GlobalSection(ProjectConfigurationPlatforms) = postSolution
		{1D996426-6DA0-4F17-B3B7-3CCAD059AD57}.Debug|Any CPU.ActiveCfg = Debug|Any CPU
		{1D996426-6DA0-4F17-B3B7-3CCAD059AD57}.Debug|Any CPU.Build.0 = Debug|Any CPU
		{1D996426-6DA0-4F17-B3B7-3CCAD059AD57}.Release|Any CPU.ActiveCfg = Release|Any CPU
		{1D996426-6DA0-4F17-B3B7-3CCAD059AD57}.Release|Any CPU.Build.0 = Release|Any CPU
		{D78BCC0B-3DC4-4E26-AD85-45A4CA6FCDAE}.Debug|Any CPU.ActiveCfg = Debug|Any CPU
		{D78BCC0B-3DC4-4E26-AD85-45A4CA6FCDAE}.Debug|Any CPU.Build.0 = Debug|Any CPU
		{D78BCC0B-3DC4-4E26-AD85-45A4CA6FCDAE}.Release|Any CPU.ActiveCfg = Release|Any CPU
		{D78BCC0B-3DC4-4E26-AD85-45A4CA6FCDAE}.Release|Any CPU.Build.0 = Release|Any CPU
	EndGlobalSection
	GlobalSection(SolutionProperties) = preSolution
		HideSolutionNode = FALSE
	EndGlobalSection
	GlobalSection(ExtensibilityGlobals) = postSolution
		SolutionGuid = {99E508D4-0EB9-44EB-8CF7-7B9B145DCB19}
	EndGlobalSection
EndGlobal
